
Microsoft Visual Studio Solution File, Format Version 11.00
# Visual Studio 2010
Project("{FAE04EC0-301F-11D3-BF4B-00C04F79EFBC}") = "netscan", "netscan\netscan.csproj", "{55374713-1133-464B-AB50-70C9B5289CCA}"
EndProject
Global
	GlobalSection(SolutionConfigurationPlatforms) = preSolution
		Debug|Any CPU = Debug|Any CPU
		Release|Any CPU = Release|Any CPU
	EndGlobalSection
	GlobalSection(ProjectConfigurationPlatforms) = postSolution
		{55374713-1133-464B-AB50-70C9B5289CCA}.Debug|Any CPU.ActiveCfg = Debug|Any CPU
		{55374713-1133-464B-AB50-70C9B5289CCA}.Debug|Any CPU.Build.0 = Debug|Any CPU
		{55374713-1133-464B-AB50-70C9B5289CCA}.Release|Any CPU.ActiveCfg = Release|Any CPU
		{55374713-1133-464B-AB50-70C9B5289CCA}.Release|Any CPU.Build.0 = Release|Any CPU
	EndGlobalSection
	GlobalSection(SolutionProperties) = preSolution
		HideSolutionNode = FALSE
	EndGlobalSection
EndGlobal
