
Microsoft Visual Studio Solution File, Format Version 11.00
# Visual Studio 2010
Project("{FAE04EC0-301F-11D3-BF4B-00C04F79EFBC}") = "snmputil", "snmputil\snmputil.csproj", "{9E2257BB-2CFA-4B87-8FA2-EEF1384B1EAF}"
EndProject
Global
	GlobalSection(SolutionConfigurationPlatforms) = preSolution
		Debug|Any CPU = Debug|Any CPU
		Release|Any CPU = Release|Any CPU
	EndGlobalSection
	GlobalSection(ProjectConfigurationPlatforms) = postSolution
		{9E2257BB-2CFA-4B87-8FA2-EEF1384B1EAF}.Debug|Any CPU.ActiveCfg = Debug|Any CPU
		{9E2257BB-2CFA-4B87-8FA2-EEF1384B1EAF}.Debug|Any CPU.Build.0 = Debug|Any CPU
		{9E2257BB-2CFA-4B87-8FA2-EEF1384B1EAF}.Release|Any CPU.ActiveCfg = Release|Any CPU
		{9E2257BB-2CFA-4B87-8FA2-EEF1384B1EAF}.Release|Any CPU.Build.0 = Release|Any CPU
	EndGlobalSection
	GlobalSection(SolutionProperties) = preSolution
		HideSolutionNode = FALSE
	EndGlobalSection
EndGlobal
